
Microsoft Visual Studio Solution File, Format Version 12.00
# Visual Studio Version 17
VisualStudioVersion = 17.4.33403.182
MinimumVisualStudioVersion = 10.0.40219.1
Project("{FAE04EC0-301F-11D3-BF4B-00C04F79EFBC}") = "PasswordGenerator", "PasswordGenerator\PasswordGenerator.csproj", "{7517EE3E-90FE-4F48-9E9E-0E1785B391FF}"
EndProject
Global
	GlobalSection(SolutionConfigurationPlatforms) = preSolution
		Debug|Any CPU = Debug|Any CPU
		Release|Any CPU = Release|Any CPU
	EndGlobalSection
	GlobalSection(ProjectConfigurationPlatforms) = postSolution
		{7517EE3E-90FE-4F48-9E9E-0E1785B391FF}.Debug|Any CPU.ActiveCfg = Debug|Any CPU
		{7517EE3E-90FE-4F48-9E9E-0E1785B391FF}.Debug|Any CPU.Build.0 = Debug|Any CPU
		{7517EE3E-90FE-4F48-9E9E-0E1785B391FF}.Release|Any CPU.ActiveCfg = Release|Any CPU
		{7517EE3E-90FE-4F48-9E9E-0E1785B391FF}.Release|Any CPU.Build.0 = Release|Any CPU
	EndGlobalSection
	GlobalSection(SolutionProperties) = preSolution
		HideSolutionNode = FALSE
	EndGlobalSection
	GlobalSection(ExtensibilityGlobals) = postSolution
		SolutionGuid = {3DA68FD7-D634-4DB5-92E6-3FE2B6EDD48B}
	EndGlobalSection
EndGlobal
